
Microsoft Visual Studio Solution File, Format Version 12.00
# Visual Studio 2015
Project("{FAE04EC0-301F-11D3-BF4B-00C04F79EFBC}") = "RealidadAumentada.CSharp", "RealidadAumentada.CSharp.csproj", "{64ECB4E7-7E48-8DFC-D850-8975F464980E}"
EndProject
Project("{FAE04EC0-301F-11D3-BF4B-00C04F79EFBC}") = "RealidadAumentada.CSharp.Editor", "RealidadAumentada.CSharp.Editor.csproj", "{5D2FC550-04E9-A520-6EF7-4FFFABCF93C8}"
EndProject
Global
	GlobalSection(SolutionConfigurationPlatforms) = preSolution
		Debug|Any CPU = Debug|Any CPU
		Release|Any CPU = Release|Any CPU
	EndGlobalSection
	GlobalSection(ProjectConfigurationPlatforms) = postSolution
		{64ECB4E7-7E48-8DFC-D850-8975F464980E}.Debug|Any CPU.ActiveCfg = Debug|Any CPU
		{64ECB4E7-7E48-8DFC-D850-8975F464980E}.Debug|Any CPU.Build.0 = Debug|Any CPU
		{64ECB4E7-7E48-8DFC-D850-8975F464980E}.Release|Any CPU.ActiveCfg = Release|Any CPU
		{64ECB4E7-7E48-8DFC-D850-8975F464980E}.Release|Any CPU.Build.0 = Release|Any CPU
		{5D2FC550-04E9-A520-6EF7-4FFFABCF93C8}.Debug|Any CPU.ActiveCfg = Debug|Any CPU
		{5D2FC550-04E9-A520-6EF7-4FFFABCF93C8}.Debug|Any CPU.Build.0 = Debug|Any CPU
		{5D2FC550-04E9-A520-6EF7-4FFFABCF93C8}.Release|Any CPU.ActiveCfg = Release|Any CPU
		{5D2FC550-04E9-A520-6EF7-4FFFABCF93C8}.Release|Any CPU.Build.0 = Release|Any CPU
	EndGlobalSection
	GlobalSection(SolutionProperties) = preSolution
		HideSolutionNode = FALSE
	EndGlobalSection
EndGlobal
